dependencies:
- name: common
  repository: https://bjw-s-labs.github.io/helm-charts/
  version: 5.1.0
- name: valkey
  repository: oci://ghcr.io/valkey-io/valkey-helm
  version: 0.12.0
- name: ollama
  repository: https://otwld.github.io/ollama-helm/
  version: 1.80.0
digest: sha256:870ba24d1791c4fa7eece3d7a7b8e01e801d94cbbc3b123fd992bd2b758b1160
generated: "2026-09-11T05:36:32.269048543Z"
